// !$*UTF8*$!
{
	archiveVersion = 1;
	classes = {
	};
	objectVersion = 56;
	objects = {

/* Begin PBXBuildFile section */
		916B05CB291D739B00E882C2 /* AppDelegate.swift in Sources */ = {isa = PBXBuildFile; fileRef = 916B05CA291D739B00E882C2 /* AppDelegate.swift */; };
		916B05CD291D739B00E882C2 /* SceneDelegate.swift in Sources */ = {isa = PBXBuildFile; fileRef = 916B05CC291D739B00E882C2 /* SceneDelegate.swift */; };
		916B05D2291D739B00E882C2 /* Main.storyboard in Resources */ = {isa = PBXBuildFile; fileRef = 916B05D0291D739B00E882C2 /* Main.storyboard */; };
		916B05D4291D73A000E882C2 /* Assets.xcassets in Resources */ = {isa = PBXBuildFile; fileRef = 916B05D3291D73A000E882C2 /* Assets.xcassets */; };
		916B05D7291D73A000E882C2 /* LaunchScreen.storyboard in Resources */ = {isa = PBXBuildFile; fileRef = 916B05D5291D73A000E882C2 /* LaunchScreen.storyboard */; };
		916B05DF291D741D00E882C2 /* VMStateMachine.swift in Sources */ = {isa = PBXBuildFile; fileRef = 916B05DE291D741D00E882C2 /* VMStateMachine.swift */; };
		916B05E1291D745100E882C2 /* VendingMachineState.swift in Sources */ = {isa = PBXBuildFile; fileRef = 916B05E0291D745100E882C2 /* VendingMachineState.swift */; };
		916B05E5291D7CC900E882C2 /* InactiveState.swift in Sources */ = {isa = PBXBuildFile; fileRef = 916B05E4291D7CC900E882C2 /* InactiveState.swift */; };
		916B05E8291D7DCF00E882C2 /* WaitingForCashState.swift in Sources */ = {isa = PBXBuildFile; fileRef = 916B05E7291D7DCF00E882C2 /* WaitingForCashState.swift */; };
		916B05EA291D7EC200E882C2 /* ReadyForCodeState.swift in Sources */ = {isa = PBXBuildFile; fileRef = 916B05E9291D7EC200E882C2 /* ReadyForCodeState.swift */; };
		916B05EC291D838F00E882C2 /* ItemSelectedState.swift in Sources */ = {isa = PBXBuildFile; fileRef = 916B05EB291D838F00E882C2 /* ItemSelectedState.swift */; };
		916B05EE291D84F900E882C2 /* ItemDispensedState.swift in Sources */ = {isa = PBXBuildFile; fileRef = 916B05ED291D84F900E882C2 /* ItemDispensedState.swift */; };
		916B05F1291EBE4B00E882C2 /* MainEvent.swift in Sources */ = {isa = PBXBuildFile; fileRef = 916B05F0291EBE4B00E882C2 /* MainEvent.swift */; };
/* End PBXBuildFile section */

/* Begin PBXFileReference section */
		916B05C7291D739B00E882C2 /* VendingMachineState.app */ = {isa = PBXFileReference; explicitFileType = wrapper.application; includeInIndex = 0; path = VendingMachineState.app; sourceTree = BUILT_PRODUCTS_DIR; };
		916B05CA291D739B00E882C2 /* AppDelegate.swift */ = {isa = PBXFileReference; lastKnownFileType = sourcecode.swift; path = AppDelegate.swift; sourceTree = "<group>"; };
		916B05CC291D739B00E882C2 /* SceneDelegate.swift */ = {isa = PBXFileReference; lastKnownFileType = sourcecode.swift; path = SceneDelegate.swift; sourceTree = "<group>"; };
		916B05D1291D739B00E882C2 /* Base */ = {isa = PBXFileReference; lastKnownFileType = file.storyboard; name = Base; path = Base.lproj/Main.storyboard; sourceTree = "<group>"; };
		916B05D3291D73A000E882C2 /* Assets.xcassets */ = {isa = PBXFileReference; lastKnownFileType = folder.assetcatalog; path = Assets.xcassets; sourceTree = "<group>"; };
		916B05D6291D73A000E882C2 /* Base */ = {isa = PBXFileReference; lastKnownFileType = file.storyboard; name = Base; path = Base.lproj/LaunchScreen.storyboard; sourceTree = "<group>"; };
		916B05D8291D73A000E882C2 /* Info.plist */ = {isa = PBXFileReference; lastKnownFileType = text.plist.xml; path = Info.plist; sourceTree = "<group>"; };
		916B05DE291D741D00E882C2 /* VMStateMachine.swift */ = {isa = PBXFileReference; lastKnownFileType = sourcecode.swift; path = VMStateMachine.swift; sourceTree = "<group>"; };
		916B05E0291D745100E882C2 /* VendingMachineState.swift */ = {isa = PBXFileReference; lastKnownFileType = sourcecode.swift; path = VendingMachineState.swift; sourceTree = "<group>"; };
		916B05E4291D7CC900E882C2 /* InactiveState.swift */ = {isa = PBXFileReference; lastKnownFileType = sourcecode.swift; path = InactiveState.swift; sourceTree = "<group>"; };
		916B05E7291D7DCF00E882C2 /* WaitingForCashState.swift */ = {isa = PBXFileReference; lastKnownFileType = sourcecode.swift; path = WaitingForCashState.swift; sourceTree = "<group>"; };
		916B05E9291D7EC200E882C2 /* ReadyForCodeState.swift */ = {isa = PBXFileReference; lastKnownFileType = sourcecode.swift; path = ReadyForCodeState.swift; sourceTree = "<group>"; };
		916B05EB291D838F00E882C2 /* ItemSelectedState.swift */ = {isa = PBXFileReference; lastKnownFileType = sourcecode.swift; path = ItemSelectedState.swift; sourceTree = "<group>"; };
		916B05ED291D84F900E882C2 /* ItemDispensedState.swift */ = {isa = PBXFileReference; lastKnownFileType = sourcecode.swift; path = ItemDispensedState.swift; sourceTree = "<group>"; };
		916B05F0291EBE4B00E882C2 /* MainEvent.swift */ = {isa = PBXFileReference; lastKnownFileType = sourcecode.swift; path = MainEvent.swift; sourceTree = "<group>"; };
/* End PBXFileReference section */

/* Begin PBXFrameworksBuildPhase section */
		916B05C4291D739B00E882C2 /* Frameworks */ = {
			isa = PBXFrameworksBuildPhase;
			buildActionMask = 2147483647;
			files = (
			);
			runOnlyForDeploymentPostprocessing = 0;
		};
/* End PBXFrameworksBuildPhase section */

/* Begin PBXGroup section */
		916B05BE291D739B00E882C2 = {
			isa = PBXGroup;
			children = (
				916B05C9291D739B00E882C2 /* VendingMachineState */,
				916B05C8291D739B00E882C2 /* Products */,
			);
			sourceTree = "<group>";
		};
		916B05C8291D739B00E882C2 /* Products */ = {
			isa = PBXGroup;
			children = (
				916B05C7291D739B00E882C2 /* VendingMachineState.app */,
			);
			name = Products;
			sourceTree = "<group>";
		};
		916B05C9291D739B00E882C2 /* VendingMachineState */ = {
			isa = PBXGroup;
			children = (
				916B05EF291EBE2600E882C2 /* Event */,
				916B05E2291D7C7800E882C2 /* StateMachine */,
				916B05E3291D7CA100E882C2 /* App */,
				916B05D8291D73A000E882C2 /* Info.plist */,
			);
			path = VendingMachineState;
			sourceTree = "<group>";
		};
		916B05E2291D7C7800E882C2 /* StateMachine */ = {
			isa = PBXGroup;
			children = (
				916B05DE291D741D00E882C2 /* VMStateMachine.swift */,
				916B05E0291D745100E882C2 /* VendingMachineState.swift */,
				916B05E6291D7CCE00E882C2 /* States */,
			);
			path = StateMachine;
			sourceTree = "<group>";
		};
		916B05E3291D7CA100E882C2 /* App */ = {
			isa = PBXGroup;
			children = (
				916B05CA291D739B00E882C2 /* AppDelegate.swift */,
				916B05CC291D739B00E882C2 /* SceneDelegate.swift */,
				916B05D0291D739B00E882C2 /* Main.storyboard */,
				916B05D3291D73A000E882C2 /* Assets.xcassets */,
				916B05D5291D73A000E882C2 /* LaunchScreen.storyboard */,
			);
			path = App;
			sourceTree = "<group>";
		};
		916B05E6291D7CCE00E882C2 /* States */ = {
			isa = PBXGroup;
			children = (
				916B05E4291D7CC900E882C2 /* InactiveState.swift */,
				916B05E7291D7DCF00E882C2 /* WaitingForCashState.swift */,
				916B05E9291D7EC200E882C2 /* ReadyForCodeState.swift */,
				916B05EB291D838F00E882C2 /* ItemSelectedState.swift */,
				916B05ED291D84F900E882C2 /* ItemDispensedState.swift */,
			);
			path = States;
			sourceTree = "<group>";
		};
		916B05EF291EBE2600E882C2 /* Event */ = {
			isa = PBXGroup;
			children = (
				916B05F0291EBE4B00E882C2 /* MainEvent.swift */,
			);
			path = Event;
			sourceTree = "<group>";
		};
/* End PBXGroup section */

/* Begin PBXNativeTarget section */
		916B05C6291D739B00E882C2 /* VendingMachineState */ = {
			isa = PBXNativeTarget;
			buildConfigurationList = 916B05DB291D73A000E882C2 /* Build configuration list for PBXNativeTarget "VendingMachineState" */;
			buildPhases = (
				916B05C3291D739B00E882C2 /* Sources */,
				916B05C4291D739B00E882C2 /* Frameworks */,
				916B05C5291D739B00E882C2 /* Resources */,
			);
			buildRules = (
			);
			dependencies = (
			);
			name = VendingMachineState;
			productName = VendingMachineState;
			productReference = 916B05C7291D739B00E882C2 /* VendingMachineState.app */;
			productType = "com.apple.product-type.application";
		};
/* End PBXNativeTarget section */

/* Begin PBXProject section */
		916B05BF291D739B00E882C2 /* Project object */ = {
			isa = PBXProject;
			attributes = {
				BuildIndependentTargetsInParallel = 1;
				LastSwiftUpdateCheck = 1400;
				LastUpgradeCheck = 1400;
				TargetAttributes = {
					916B05C6291D739B00E882C2 = {
						CreatedOnToolsVersion = 14.0.1;
					};
				};
			};
			buildConfigurationList = 916B05C2291D739B00E882C2 /* Build configuration list for PBXProject "VendingMachineState" */;
			compatibilityVersion = "Xcode 14.0";
			developmentRegion = en;
			hasScannedForEncodings = 0;
			knownRegions = (
				en,
				Base,
			);
			mainGroup = 916B05BE291D739B00E882C2;
			productRefGroup = 916B05C8291D739B00E882C2 /* Products */;
			projectDirPath = "";
			projectRoot = "";
			targets = (
				916B05C6291D739B00E882C2 /* VendingMachineState */,
			);
		};
/* End PBXProject section */

/* Begin PBXResourcesBuildPhase section */
		916B05C5291D739B00E882C2 /* Resources */ = {
			isa = PBXResourcesBuildPhase;
			buildActionMask = 2147483647;
			files = (
				916B05D7291D73A000E882C2 /* LaunchScreen.storyboard in Resources */,
				916B05D4291D73A000E882C2 /* Assets.xcassets in Resources */,
				916B05D2291D739B00E882C2 /* Main.storyboard in Resources */,
			);
			runOnlyForDeploymentPostprocessing = 0;
		};
/* End PBXResourcesBuildPhase section */

/* Begin PBXSourcesBuildPhase section */
		916B05C3291D739B00E882C2 /* Sources */ = {
			isa = PBXSourcesBuildPhase;
			buildActionMask = 2147483647;
			files = (
				916B05E8291D7DCF00E882C2 /* WaitingForCashState.swift in Sources */,
				916B05F1291EBE4B00E882C2 /* MainEvent.swift in Sources */,
				916B05CB291D739B00E882C2 /* AppDelegate.swift in Sources */,
				916B05E5291D7CC900E882C2 /* InactiveState.swift in Sources */,
				916B05EC291D838F00E882C2 /* ItemSelectedState.swift in Sources */,
				916B05E1291D745100E882C2 /* VendingMachineState.swift in Sources */,
				916B05EE291D84F900E882C2 /* ItemDispensedState.swift in Sources */,
				916B05CD291D739B00E882C2 /* SceneDelegate.swift in Sources */,
				916B05DF291D741D00E882C2 /* VMStateMachine.swift in Sources */,
				916B05EA291D7EC200E882C2 /* ReadyForCodeState.swift in Sources */,
			);
			runOnlyForDeploymentPostprocessing = 0;
		};
/* End PBXSourcesBuildPhase section */

/* Begin PBXVariantGroup section */
		916B05D0291D739B00E882C2 /* Main.storyboard */ = {
			isa = PBXVariantGroup;
			children = (
				916B05D1291D739B00E882C2 /* Base */,
			);
			name = Main.storyboard;
			sourceTree = "<group>";
		};
		916B05D5291D73A000E882C2 /* LaunchScreen.storyboard */ = {
			isa = PBXVariantGroup;
			children = (
				916B05D6291D73A000E882C2 /* Base */,
			);
			name = LaunchScreen.storyboard;
			sourceTree = "<group>";
		};
/* End PBXVariantGroup section */

/* Begin XCBuildConfiguration section */
		916B05D9291D73A000E882C2 /* Debug */ = {
			isa = XCBuildConfiguration;
			buildSettings = {
				ALWAYS_SEARCH_USER_PATHS = NO;
				CLANG_ANALYZER_NONNULL = YES;
				CLANG_ANALYZER_NUMBER_OBJECT_CONVERSION = YES_AGGRESSIVE;
				CLANG_CXX_LANGUAGE_STANDARD = "gnu++20";
				CLANG_ENABLE_MODULES = YES;
				CLANG_ENABLE_OBJC_ARC = YES;
				CLANG_ENABLE_OBJC_WEAK = YES;
				CLANG_WARN_BLOCK_CAPTURE_AUTORELEASING = YES;
				CLANG_WARN_BOOL_CONVERSION = YES;
				CLANG_WARN_COMMA = YES;
				CLANG_WARN_CONSTANT_CONVERSION = YES;
				CLANG_WARN_DEPRECATED_OBJC_IMPLEMENTATIONS = YES;
				CLANG_WARN_DIRECT_OBJC_ISA_USAGE = YES_ERROR;
				CLANG_WARN_DOCUMENTATION_COMMENTS = YES;
				CLANG_WARN_EMPTY_BODY = YES;
				CLANG_WARN_ENUM_CONVERSION = YES;
				CLANG_WARN_INFINITE_RECURSION = YES;
				CLANG_WARN_INT_CONVERSION = YES;
				CLANG_WARN_NON_LITERAL_NULL_CONVERSION = YES;
				CLANG_WARN_OBJC_IMPLICIT_RETAIN_SELF = YES;
				CLANG_WARN_OBJC_LITERAL_CONVERSION = YES;
				CLANG_WARN_OBJC_ROOT_CLASS = YES_ERROR;
				CLANG_WARN_QUOTED_INCLUDE_IN_FRAMEWORK_HEADER = YES;
				CLANG_WARN_RANGE_LOOP_ANALYSIS = YES;
				CLANG_WARN_STRICT_PROTOTYPES = YES;
				CLANG_WARN_SUSPICIOUS_MOVE = YES;
				CLANG_WARN_UNGUARDED_AVAILABILITY = YES_AGGRESSIVE;
				CLANG_WARN_UNREACHABLE_CODE = YES;
				CLANG_WARN__DUPLICATE_METHOD_MATCH = YES;
				COPY_PHASE_STRIP = NO;
				DEBUG_INFORMATION_FORMAT = dwarf;
				ENABLE_STRICT_OBJC_MSGSEND = YES;
				ENABLE_TESTABILITY = YES;
				GCC_C_LANGUAGE_STANDARD = gnu11;
				GCC_DYNAMIC_NO_PIC = NO;
				GCC_NO_COMMON_BLOCKS = YES;
				GCC_OPTIMIZATION_LEVEL = 0;
				GCC_PREPROCESSOR_DEFINITIONS = (
					"DEBUG=1",
					"$(inherited)",
				);
				GCC_WARN_64_TO_32_BIT_CONVERSION = YES;
				GCC_WARN_ABOUT_RETURN_TYPE = YES_ERROR;
				GCC_WARN_UNDECLARED_SELECTOR = YES;
				GCC_WARN_UNINITIALIZED_AUTOS = YES_AGGRESSIVE;
				GCC_WARN_UNUSED_FUNCTION = YES;
				GCC_WARN_UNUSED_VARIABLE = YES;
				IPHONEOS_DEPLOYMENT_TARGET = 16.0;
				MTL_ENABLE_DEBUG_INFO = INCLUDE_SOURCE;
				MTL_FAST_MATH = YES;
				ONLY_ACTIVE_ARCH = YES;
				SDKROOT = iphoneos;
				SWIFT_ACTIVE_COMPILATION_CONDITIONS = DEBUG;
				SWIFT_OPTIMIZATION_LEVEL = "-Onone";
			};
			name = Debug;
		};
		916B05DA291D73A000E882C2 /* Release */ = {
			isa = XCBuildConfiguration;
			buildSettings = {
				ALWAYS_SEARCH_USER_PATHS = NO;
				CLANG_ANALYZER_NONNULL = YES;
				CLANG_ANALYZER_NUMBER_OBJECT_CONVERSION = YES_AGGRESSIVE;
				CLANG_CXX_LANGUAGE_STANDARD = "gnu++20";
				CLANG_ENABLE_MODULES = YES;
				CLANG_ENABLE_OBJC_ARC = YES;
				CLANG_ENABLE_OBJC_WEAK = YES;
				CLANG_WARN_BLOCK_CAPTURE_AUTORELEASING = YES;
				CLANG_WARN_BOOL_CONVERSION = YES;
				CLANG_WARN_COMMA = YES;
				CLANG_WARN_CONSTANT_CONVERSION = YES;
				CLANG_WARN_DEPRECATED_OBJC_IMPLEMENTATIONS = YES;
				CLANG_WARN_DIRECT_OBJC_ISA_USAGE = YES_ERROR;
				CLANG_WARN_DOCUMENTATION_COMMENTS = YES;
				CLANG_WARN_EMPTY_BODY = YES;
				CLANG_WARN_ENUM_CONVERSION = YES;
				CLANG_WARN_INFINITE_RECURSION = YES;
				CLANG_WARN_INT_CONVERSION = YES;
				CLANG_WARN_NON_LITERAL_NULL_CONVERSION = YES;
				CLANG_WARN_OBJC_IMPLICIT_RETAIN_SELF = YES;
				CLANG_WARN_OBJC_LITERAL_CONVERSION = YES;
				CLANG_WARN_OBJC_ROOT_CLASS = YES_ERROR;
				CLANG_WARN_QUOTED_INCLUDE_IN_FRAMEWORK_HEADER = YES;
				CLANG_WARN_RANGE_LOOP_ANALYSIS = YES;
				CLANG_WARN_STRICT_PROTOTYPES = YES;
				CLANG_WARN_SUSPICIOUS_MOVE = YES;
				CLANG_WARN_UNGUARDED_AVAILABILITY = YES_AGGRESSIVE;
				CLANG_WARN_UNREACHABLE_CODE = YES;
				CLANG_WARN__DUPLICATE_METHOD_MATCH = YES;
				COPY_PHASE_STRIP = NO;
				DEBUG_INFORMATION_FORMAT = "dwarf-with-dsym";
				ENABLE_NS_ASSERTIONS = NO;
				ENABLE_STRICT_OBJC_MSGSEND = YES;
				GCC_C_LANGUAGE_STANDARD = gnu11;
				GCC_NO_COMMON_BLOCKS = YES;
				GCC_WARN_64_TO_32_BIT_CONVERSION = YES;
				GCC_WARN_ABOUT_RETURN_TYPE = YES_ERROR;
				GCC_WARN_UNDECLARED_SELECTOR = YES;
				GCC_WARN_UNINITIALIZED_AUTOS = YES_AGGRESSIVE;
				GCC_WARN_UNUSED_FUNCTION = YES;
				GCC_WARN_UNUSED_VARIABLE = YES;
				IPHONEOS_DEPLOYMENT_TARGET = 16.0;
				MTL_ENABLE_DEBUG_INFO = NO;
				MTL_FAST_MATH = YES;
				SDKROOT = iphoneos;
				SWIFT_COMPILATION_MODE = wholemodule;
				SWIFT_OPTIMIZATION_LEVEL = "-O";
				VALIDATE_PRODUCT = YES;
			};
			name = Release;
		};
		916B05DC291D73A000E882C2 /* Debug */ = {
			isa = XCBuildConfiguration;
			buildSettings = {
				ASSETCATALOG_COMPILER_APPICON_NAME = AppIcon;
				ASSETCATALOG_COMPILER_GLOBAL_ACCENT_COLOR_NAME = AccentColor;
				CODE_SIGN_STYLE = Automatic;
				CURRENT_PROJECT_VERSION = 1;
				DEVELOPMENT_TEAM = PLXRGQY243;
				GENERATE_INFOPLIST_FILE = YES;
				INFOPLIST_FILE = VendingMachineState/Info.plist;
				INFOPLIST_KEY_UIApplicationSupportsIndirectInputEvents = YES;
				INFOPLIST_KEY_UILaunchStoryboardName = LaunchScreen;
				INFOPLIST_KEY_UIMainStoryboardFile = Main;
				INFOPLIST_KEY_UISupportedInterfaceOrientations_iPad = "UIInterfaceOrientationPortrait UIInterfaceOrientationPortraitUpsideDown UIInterfaceOrientationLandscapeLeft UIInterfaceOrientationLandscapeRight";
				INFOPLIST_KEY_UISupportedInterfaceOrientations_iPhone = "UIInterfaceOrientationPortrait UIInterfaceOrientationLandscapeLeft UIInterfaceOrientationLandscapeRight";
				LD_RUNPATH_SEARCH_PATHS = (
					"$(inherited)",
					"@executable_path/Frameworks",
				);
				MARKETING_VERSION = 1.0;
				PRODUCT_BUNDLE_IDENTIFIER = com.yazburrell.VendingMachineState;
				PRODUCT_NAME = "$(TARGET_NAME)";
				SWIFT_EMIT_LOC_STRINGS = YES;
				SWIFT_VERSION = 5.0;
				TARGETED_DEVICE_FAMILY = "1,2";
			};
			name = Debug;
		};
		916B05DD291D73A000E882C2 /* Release */ = {
			isa = XCBuildConfiguration;
			buildSettings = {
				ASSETCATALOG_COMPILER_APPICON_NAME = AppIcon;
				ASSETCATALOG_COMPILER_GLOBAL_ACCENT_COLOR_NAME = AccentColor;
				CODE_SIGN_STYLE = Automatic;
				CURRENT_PROJECT_VERSION = 1;
				DEVELOPMENT_TEAM = PLXRGQY243;
				GENERATE_INFOPLIST_FILE = YES;
				INFOPLIST_FILE = VendingMachineState/Info.plist;
				INFOPLIST_KEY_UIApplicationSupportsIndirectInputEvents = YES;
				INFOPLIST_KEY_UILaunchStoryboardName = LaunchScreen;
				INFOPLIST_KEY_UIMainStoryboardFile = Main;
				INFOPLIST_KEY_UISupportedInterfaceOrientations_iPad = "UIInterfaceOrientationPortrait UIInterfaceOrientationPortraitUpsideDown UIInterfaceOrientationLandscapeLeft UIInterfaceOrientationLandscapeRight";
				INFOPLIST_KEY_UISupportedInterfaceOrientations_iPhone = "UIInterfaceOrientationPortrait UIInterfaceOrientationLandscapeLeft UIInterfaceOrientationLandscapeRight";
				LD_RUNPATH_SEARCH_PATHS = (
					"$(inherited)",
					"@executable_path/Frameworks",
				);
				MARKETING_VERSION = 1.0;
				PRODUCT_BUNDLE_IDENTIFIER = com.yazburrell.VendingMachineState;
				PRODUCT_NAME = "$(TARGET_NAME)";
				SWIFT_EMIT_LOC_STRINGS = YES;
				SWIFT_VERSION = 5.0;
				TARGETED_DEVICE_FAMILY = "1,2";
			};
			name = Release;
		};
/* End XCBuildConfiguration section */

/* Begin XCConfigurationList section */
		916B05C2291D739B00E882C2 /* Build configuration list for PBXProject "VendingMachineState" */ = {
			isa = XCConfigurationList;
			buildConfigurations = (
				916B05D9291D73A000E882C2 /* Debug */,
				916B05DA291D73A000E882C2 /* Release */,
			);
			defaultConfigurationIsVisible = 0;
			defaultConfigurationName = Release;
		};
		916B05DB291D73A000E882C2 /* Build configuration list for PBXNativeTarget "VendingMachineState" */ = {
			isa = XCConfigurationList;
			buildConfigurations = (
				916B05DC291D73A000E882C2 /* Debug */,
				916B05DD291D73A000E882C2 /* Release */,
			);
			defaultConfigurationIsVisible = 0;
			defaultConfigurationName = Release;
		};
/* End XCConfigurationList section */
	};
	rootObject = 916B05BF291D739B00E882C2 /* Project object */;
}
